
Microsoft Visual Studio Solution File, Format Version 12.00
# Visual Studio Version 17
VisualStudioVersion = 17.5.002.0
MinimumVisualStudioVersion = 10.0.40219.1
Project("{9A19103F-16F7-4668-BE54-9A1E7A4F7556}") = "Cardmngr.Tests", "Cardmngr.Tests\Cardmngr.Tests.csproj", "{A8F68AB6-9C34-450E-A0A7-2E9CCEFE3FA6}"
EndProject
Project("{9A19103F-16F7-4668-BE54-9A1E7A4F7556}") = "Cardmngr", "Cardmngr\Cardmngr.csproj", "{2ABB4487-B4AD-442A-8376-F6252AE20155}"
EndProject
Project("{9A19103F-16F7-4668-BE54-9A1E7A4F7556}") = "Onlyoffice.Api", "Onlyoffice.Api\Onlyoffice.Api.csproj", "{EE919612-372B-4EE2-B81F-94245A347D65}"
EndProject
Project("{9A19103F-16F7-4668-BE54-9A1E7A4F7556}") = "Onlyoffice.ProxyServer", "Onlyoffice.ProxyServer\Onlyoffice.ProxyServer.csproj", "{E075E512-23B5-4FD5-8A21-6E8DAD146F4A}"
EndProject
Project("{9A19103F-16F7-4668-BE54-9A1E7A4F7556}") = "Cardmngr.Server", "Cardmngr.Server\Cardmngr.Server.csproj", "{686A156F-C1FB-49C3-A481-8D93AE20E706}"
EndProject
Project("{FAE04EC0-301F-11D3-BF4B-00C04F79EFBC}") = "Cardmngr.Domain", "Cardmngr.Domain\Cardmngr.Domain.csproj", "{5DD1E038-1BF7-4EA5-8E36-D1D4A13E23CD}"
EndProject
Global
	GlobalSection(SolutionConfigurationPlatforms) = preSolution
		Debug|Any CPU = Debug|Any CPU
		Release|Any CPU = Release|Any CPU
	EndGlobalSection
	GlobalSection(ProjectConfigurationPlatforms) = postSolution
		{A8F68AB6-9C34-450E-A0A7-2E9CCEFE3FA6}.Debug|Any CPU.ActiveCfg = Debug|Any CPU
		{A8F68AB6-9C34-450E-A0A7-2E9CCEFE3FA6}.Debug|Any CPU.Build.0 = Debug|Any CPU
		{A8F68AB6-9C34-450E-A0A7-2E9CCEFE3FA6}.Release|Any CPU.ActiveCfg = Release|Any CPU
		{A8F68AB6-9C34-450E-A0A7-2E9CCEFE3FA6}.Release|Any CPU.Build.0 = Release|Any CPU
		{2ABB4487-B4AD-442A-8376-F6252AE20155}.Debug|Any CPU.ActiveCfg = Debug|Any CPU
		{2ABB4487-B4AD-442A-8376-F6252AE20155}.Debug|Any CPU.Build.0 = Debug|Any CPU
		{2ABB4487-B4AD-442A-8376-F6252AE20155}.Release|Any CPU.ActiveCfg = Release|Any CPU
		{2ABB4487-B4AD-442A-8376-F6252AE20155}.Release|Any CPU.Build.0 = Release|Any CPU
		{EE919612-372B-4EE2-B81F-94245A347D65}.Debug|Any CPU.ActiveCfg = Debug|Any CPU
		{EE919612-372B-4EE2-B81F-94245A347D65}.Debug|Any CPU.Build.0 = Debug|Any CPU
		{EE919612-372B-4EE2-B81F-94245A347D65}.Release|Any CPU.ActiveCfg = Release|Any CPU
		{EE919612-372B-4EE2-B81F-94245A347D65}.Release|Any CPU.Build.0 = Release|Any CPU
		{E075E512-23B5-4FD5-8A21-6E8DAD146F4A}.Debug|Any CPU.ActiveCfg = Debug|Any CPU
		{E075E512-23B5-4FD5-8A21-6E8DAD146F4A}.Debug|Any CPU.Build.0 = Debug|Any CPU
		{E075E512-23B5-4FD5-8A21-6E8DAD146F4A}.Release|Any CPU.ActiveCfg = Release|Any CPU
		{E075E512-23B5-4FD5-8A21-6E8DAD146F4A}.Release|Any CPU.Build.0 = Release|Any CPU
		{686A156F-C1FB-49C3-A481-8D93AE20E706}.Debug|Any CPU.ActiveCfg = Debug|Any CPU
		{686A156F-C1FB-49C3-A481-8D93AE20E706}.Debug|Any CPU.Build.0 = Debug|Any CPU
		{686A156F-C1FB-49C3-A481-8D93AE20E706}.Release|Any CPU.ActiveCfg = Release|Any CPU
		{686A156F-C1FB-49C3-A481-8D93AE20E706}.Release|Any CPU.Build.0 = Release|Any CPU
		{5DD1E038-1BF7-4EA5-8E36-D1D4A13E23CD}.Debug|Any CPU.ActiveCfg = Debug|Any CPU
		{5DD1E038-1BF7-4EA5-8E36-D1D4A13E23CD}.Debug|Any CPU.Build.0 = Debug|Any CPU
		{5DD1E038-1BF7-4EA5-8E36-D1D4A13E23CD}.Release|Any CPU.ActiveCfg = Release|Any CPU
		{5DD1E038-1BF7-4EA5-8E36-D1D4A13E23CD}.Release|Any CPU.Build.0 = Release|Any CPU
	EndGlobalSection
	GlobalSection(SolutionProperties) = preSolution
		HideSolutionNode = FALSE
	EndGlobalSection
	GlobalSection(ExtensibilityGlobals) = postSolution
		SolutionGuid = {8D91AF76-3660-4B86-8114-3695A76CE202}
	EndGlobalSection
EndGlobal
