
Microsoft Visual Studio Solution File, Format Version 12.00
# Visual Studio Version 17
VisualStudioVersion = 17.5.002.0
MinimumVisualStudioVersion = 10.0.40219.1
Project("{9A19103F-16F7-4668-BE54-9A1E7A4F7556}") = "Cardmngr", "Cardmngr\Cardmngr.csproj", "{9682565D-11FB-475E-9D48-DFAA6785E752}"
EndProject
Project("{FAE04EC0-301F-11D3-BF4B-00C04F79EFBC}") = "Cardmngr.Tests", "Cardmngr.Tests\Cardmngr.Tests.csproj", "{A8F68AB6-9C34-450E-A0A7-2E9CCEFE3FA6}"
EndProject
Global
	GlobalSection(SolutionConfigurationPlatforms) = preSolution
		Debug|Any CPU = Debug|Any CPU
		Release|Any CPU = Release|Any CPU
	EndGlobalSection
	GlobalSection(ProjectConfigurationPlatforms) = postSolution
		{9682565D-11FB-475E-9D48-DFAA6785E752}.Debug|Any CPU.ActiveCfg = Debug|Any CPU
		{9682565D-11FB-475E-9D48-DFAA6785E752}.Debug|Any CPU.Build.0 = Debug|Any CPU
		{9682565D-11FB-475E-9D48-DFAA6785E752}.Release|Any CPU.ActiveCfg = Release|Any CPU
		{9682565D-11FB-475E-9D48-DFAA6785E752}.Release|Any CPU.Build.0 = Release|Any CPU
		{A8F68AB6-9C34-450E-A0A7-2E9CCEFE3FA6}.Debug|Any CPU.ActiveCfg = Debug|Any CPU
		{A8F68AB6-9C34-450E-A0A7-2E9CCEFE3FA6}.Debug|Any CPU.Build.0 = Debug|Any CPU
		{A8F68AB6-9C34-450E-A0A7-2E9CCEFE3FA6}.Release|Any CPU.ActiveCfg = Release|Any CPU
		{A8F68AB6-9C34-450E-A0A7-2E9CCEFE3FA6}.Release|Any CPU.Build.0 = Release|Any CPU
	EndGlobalSection
	GlobalSection(SolutionProperties) = preSolution
		HideSolutionNode = FALSE
	EndGlobalSection
	GlobalSection(ExtensibilityGlobals) = postSolution
		SolutionGuid = {8D91AF76-3660-4B86-8114-3695A76CE202}
	EndGlobalSection
EndGlobal
