
Microsoft Visual Studio Solution File, Format Version 12.00
# Visual Studio Version 17
VisualStudioVersion = 17.5.002.0
MinimumVisualStudioVersion = 10.0.40219.1
Project("{2150E333-8FDC-42A3-9474-1A3956D46DE8}") = "tests", "tests", "{8A654A56-8728-41A7-ADB2-3567D139EE24}"
EndProject
Project("{9A19103F-16F7-4668-BE54-9A1E7A4F7556}") = "Cardmngr.Domain", "Cardmngr.Domain\Cardmngr.Domain.csproj", "{5DD1E038-1BF7-4EA5-8E36-D1D4A13E23CD}"
EndProject
Project("{9A19103F-16F7-4668-BE54-9A1E7A4F7556}") = "Cardmngr.Application", "Cardmngr.Application\Cardmngr.Application.csproj", "{87CCD01A-7775-48C5-BD9A-51603438B257}"
EndProject
Project("{2150E333-8FDC-42A3-9474-1A3956D46DE8}") = "WebUI", "WebUI", "{1561A640-0BFC-459C-A4FB-A62479EA685E}"
EndProject
Project("{9A19103F-16F7-4668-BE54-9A1E7A4F7556}") = "Cardmngr.Shared", "WebUI\Cardmngr.Shared\Cardmngr.Shared.csproj", "{D4A7322C-D4BE-48FF-9F9C-34B881EFE639}"
EndProject
Project("{9A19103F-16F7-4668-BE54-9A1E7A4F7556}") = "Cardmngr.Server", "WebUI\Cardmngr.Server\Cardmngr.Server.csproj", "{56FA83A6-C66F-4475-A3AD-62D5E12D885C}"
EndProject
Project("{9A19103F-16F7-4668-BE54-9A1E7A4F7556}") = "Cardmngr", "WebUI\Cardmngr\Cardmngr.csproj", "{9193E0C1-02B1-47B3-A10B-946BD712A9DF}"
EndProject
Project("{2150E333-8FDC-42A3-9474-1A3956D46DE8}") = "Onlyoffice", "Onlyoffice", "{0727A912-BE53-4305-93F9-C57ACBA0D450}"
EndProject
Project("{9A19103F-16F7-4668-BE54-9A1E7A4F7556}") = "Onlyoffice.Api", "Onlyoffice\Onlyoffice.Api\Onlyoffice.Api.csproj", "{CBA214E5-1FC2-4EEE-8BAF-7CFF63099DE4}"
EndProject
Project("{9A19103F-16F7-4668-BE54-9A1E7A4F7556}") = "Onlyoffice.ProxyServer", "Onlyoffice\Onlyoffice.ProxyServer\Onlyoffice.ProxyServer.csproj", "{851DE503-D2BB-42B2-8A7B-C55121393A49}"
EndProject
Project("{9A19103F-16F7-4668-BE54-9A1E7A4F7556}") = "Cardmngr.Shared.Tests", "tests\Cardmngr.Shared.Tests\Cardmngr.Shared.Tests.csproj", "{6703EE69-6F01-43A6-89E8-26F58A34371F}"
EndProject
Project("{FAE04EC0-301F-11D3-BF4B-00C04F79EFBC}") = "Cardmngr.Server.Tests", "tests\Cardmngr.Api.Tests\Cardmngr.Server.Tests.csproj", "{C30C921F-7FD6-44B0-BEC2-368A86231F24}"
EndProject
Project("{FAE04EC0-301F-11D3-BF4B-00C04F79EFBC}") = "Cardmngr.Application.Tests", "tests\Cardmngr.Application.Tests\Cardmngr.Application.Tests.csproj", "{BDB52C86-076A-4F10-882C-996BDB06DB55}"
EndProject
Project("{FAE04EC0-301F-11D3-BF4B-00C04F79EFBC}") = "Cardmngr.Tests", "tests\Cardmngr.Tests\Cardmngr.Tests.csproj", "{65C4632E-EF7E-4B83-A8BE-E2041620DF6E}"
EndProject
Project("{FAE04EC0-301F-11D3-BF4B-00C04F79EFBC}") = "Cardmngr.Domain.Tests", "tests\Cardmngr.Domain.Tests\Cardmngr.Domain.Tests.csproj", "{6EBF0361-398E-4593-BC59-DD582133A3BE}"
EndProject
Project("{FAE04EC0-301F-11D3-BF4B-00C04F79EFBC}") = "Cardmngr.Reports", "Cardmngr.Reports\Cardmngr.Reports.csproj", "{E5C6EAE4-8303-4F5A-B694-A0381A2ABBEC}"
EndProject
Project("{2150E333-8FDC-42A3-9474-1A3956D46DE8}") = "games", "games", "{89AB476E-597A-4080-A890-CCE04CF41303}"
EndProject
Project("{FAE04EC0-301F-11D3-BF4B-00C04F79EFBC}") = "Cardmngr.Tetris", "games\Cardmngr.Tetris\Cardmngr.Tetris.csproj", "{074A86B1-540B-411C-A7C1-0B3491DE1AA5}"
EndProject
Project("{FAE04EC0-301F-11D3-BF4B-00C04F79EFBC}") = "Cardmngr.AppHost", "Cardmngr.AppHost\Cardmngr.AppHost.csproj", "{954C128B-C5E6-44F1-B52D-0082F266DCE0}"
EndProject
Project("{FAE04EC0-301F-11D3-BF4B-00C04F79EFBC}") = "Cardmngr.ServiceDefaults", "Cardmngr.ServiceDefaults\Cardmngr.ServiceDefaults.csproj", "{CDCDCE09-993A-4099-9F35-BA14813080C3}"
EndProject
Project("{FAE04EC0-301F-11D3-BF4B-00C04F79EFBC}") = "Cardmngr.FeedbackService", "Cardmngr.FeedbackService\Cardmngr.FeedbackService.csproj", "{704EB42B-56D8-4E1D-BF4E-FEC29DE75DCC}"
EndProject
Global
	GlobalSection(SolutionConfigurationPlatforms) = preSolution
		Debug|Any CPU = Debug|Any CPU
		Release|Any CPU = Release|Any CPU
	EndGlobalSection
	GlobalSection(ProjectConfigurationPlatforms) = postSolution
		{5DD1E038-1BF7-4EA5-8E36-D1D4A13E23CD}.Debug|Any CPU.ActiveCfg = Debug|Any CPU
		{5DD1E038-1BF7-4EA5-8E36-D1D4A13E23CD}.Debug|Any CPU.Build.0 = Debug|Any CPU
		{5DD1E038-1BF7-4EA5-8E36-D1D4A13E23CD}.Release|Any CPU.ActiveCfg = Release|Any CPU
		{5DD1E038-1BF7-4EA5-8E36-D1D4A13E23CD}.Release|Any CPU.Build.0 = Release|Any CPU
		{87CCD01A-7775-48C5-BD9A-51603438B257}.Debug|Any CPU.ActiveCfg = Debug|Any CPU
		{87CCD01A-7775-48C5-BD9A-51603438B257}.Debug|Any CPU.Build.0 = Debug|Any CPU
		{87CCD01A-7775-48C5-BD9A-51603438B257}.Release|Any CPU.ActiveCfg = Release|Any CPU
		{87CCD01A-7775-48C5-BD9A-51603438B257}.Release|Any CPU.Build.0 = Release|Any CPU
		{D4A7322C-D4BE-48FF-9F9C-34B881EFE639}.Debug|Any CPU.ActiveCfg = Debug|Any CPU
		{D4A7322C-D4BE-48FF-9F9C-34B881EFE639}.Debug|Any CPU.Build.0 = Debug|Any CPU
		{D4A7322C-D4BE-48FF-9F9C-34B881EFE639}.Release|Any CPU.ActiveCfg = Release|Any CPU
		{D4A7322C-D4BE-48FF-9F9C-34B881EFE639}.Release|Any CPU.Build.0 = Release|Any CPU
		{56FA83A6-C66F-4475-A3AD-62D5E12D885C}.Debug|Any CPU.ActiveCfg = Debug|Any CPU
		{56FA83A6-C66F-4475-A3AD-62D5E12D885C}.Debug|Any CPU.Build.0 = Debug|Any CPU
		{56FA83A6-C66F-4475-A3AD-62D5E12D885C}.Release|Any CPU.ActiveCfg = Release|Any CPU
		{56FA83A6-C66F-4475-A3AD-62D5E12D885C}.Release|Any CPU.Build.0 = Release|Any CPU
		{9193E0C1-02B1-47B3-A10B-946BD712A9DF}.Debug|Any CPU.ActiveCfg = Debug|Any CPU
		{9193E0C1-02B1-47B3-A10B-946BD712A9DF}.Debug|Any CPU.Build.0 = Debug|Any CPU
		{9193E0C1-02B1-47B3-A10B-946BD712A9DF}.Release|Any CPU.ActiveCfg = Release|Any CPU
		{9193E0C1-02B1-47B3-A10B-946BD712A9DF}.Release|Any CPU.Build.0 = Release|Any CPU
		{CBA214E5-1FC2-4EEE-8BAF-7CFF63099DE4}.Debug|Any CPU.ActiveCfg = Debug|Any CPU
		{CBA214E5-1FC2-4EEE-8BAF-7CFF63099DE4}.Debug|Any CPU.Build.0 = Debug|Any CPU
		{CBA214E5-1FC2-4EEE-8BAF-7CFF63099DE4}.Release|Any CPU.ActiveCfg = Release|Any CPU
		{CBA214E5-1FC2-4EEE-8BAF-7CFF63099DE4}.Release|Any CPU.Build.0 = Release|Any CPU
		{851DE503-D2BB-42B2-8A7B-C55121393A49}.Debug|Any CPU.ActiveCfg = Debug|Any CPU
		{851DE503-D2BB-42B2-8A7B-C55121393A49}.Debug|Any CPU.Build.0 = Debug|Any CPU
		{851DE503-D2BB-42B2-8A7B-C55121393A49}.Release|Any CPU.ActiveCfg = Release|Any CPU
		{851DE503-D2BB-42B2-8A7B-C55121393A49}.Release|Any CPU.Build.0 = Release|Any CPU
		{6703EE69-6F01-43A6-89E8-26F58A34371F}.Debug|Any CPU.ActiveCfg = Debug|Any CPU
		{6703EE69-6F01-43A6-89E8-26F58A34371F}.Debug|Any CPU.Build.0 = Debug|Any CPU
		{6703EE69-6F01-43A6-89E8-26F58A34371F}.Release|Any CPU.ActiveCfg = Release|Any CPU
		{6703EE69-6F01-43A6-89E8-26F58A34371F}.Release|Any CPU.Build.0 = Release|Any CPU
		{C30C921F-7FD6-44B0-BEC2-368A86231F24}.Debug|Any CPU.ActiveCfg = Debug|Any CPU
		{C30C921F-7FD6-44B0-BEC2-368A86231F24}.Debug|Any CPU.Build.0 = Debug|Any CPU
		{C30C921F-7FD6-44B0-BEC2-368A86231F24}.Release|Any CPU.ActiveCfg = Release|Any CPU
		{C30C921F-7FD6-44B0-BEC2-368A86231F24}.Release|Any CPU.Build.0 = Release|Any CPU
		{BDB52C86-076A-4F10-882C-996BDB06DB55}.Debug|Any CPU.ActiveCfg = Debug|Any CPU
		{BDB52C86-076A-4F10-882C-996BDB06DB55}.Debug|Any CPU.Build.0 = Debug|Any CPU
		{BDB52C86-076A-4F10-882C-996BDB06DB55}.Release|Any CPU.ActiveCfg = Release|Any CPU
		{BDB52C86-076A-4F10-882C-996BDB06DB55}.Release|Any CPU.Build.0 = Release|Any CPU
		{65C4632E-EF7E-4B83-A8BE-E2041620DF6E}.Debug|Any CPU.ActiveCfg = Debug|Any CPU
		{65C4632E-EF7E-4B83-A8BE-E2041620DF6E}.Debug|Any CPU.Build.0 = Debug|Any CPU
		{65C4632E-EF7E-4B83-A8BE-E2041620DF6E}.Release|Any CPU.ActiveCfg = Release|Any CPU
		{65C4632E-EF7E-4B83-A8BE-E2041620DF6E}.Release|Any CPU.Build.0 = Release|Any CPU
		{6EBF0361-398E-4593-BC59-DD582133A3BE}.Debug|Any CPU.ActiveCfg = Debug|Any CPU
		{6EBF0361-398E-4593-BC59-DD582133A3BE}.Debug|Any CPU.Build.0 = Debug|Any CPU
		{6EBF0361-398E-4593-BC59-DD582133A3BE}.Release|Any CPU.ActiveCfg = Release|Any CPU
		{6EBF0361-398E-4593-BC59-DD582133A3BE}.Release|Any CPU.Build.0 = Release|Any CPU
		{E5C6EAE4-8303-4F5A-B694-A0381A2ABBEC}.Debug|Any CPU.ActiveCfg = Debug|Any CPU
		{E5C6EAE4-8303-4F5A-B694-A0381A2ABBEC}.Debug|Any CPU.Build.0 = Debug|Any CPU
		{E5C6EAE4-8303-4F5A-B694-A0381A2ABBEC}.Release|Any CPU.ActiveCfg = Release|Any CPU
		{E5C6EAE4-8303-4F5A-B694-A0381A2ABBEC}.Release|Any CPU.Build.0 = Release|Any CPU
		{074A86B1-540B-411C-A7C1-0B3491DE1AA5}.Debug|Any CPU.ActiveCfg = Debug|Any CPU
		{074A86B1-540B-411C-A7C1-0B3491DE1AA5}.Debug|Any CPU.Build.0 = Debug|Any CPU
		{074A86B1-540B-411C-A7C1-0B3491DE1AA5}.Release|Any CPU.ActiveCfg = Release|Any CPU
		{074A86B1-540B-411C-A7C1-0B3491DE1AA5}.Release|Any CPU.Build.0 = Release|Any CPU
		{954C128B-C5E6-44F1-B52D-0082F266DCE0}.Debug|Any CPU.ActiveCfg = Debug|Any CPU
		{954C128B-C5E6-44F1-B52D-0082F266DCE0}.Debug|Any CPU.Build.0 = Debug|Any CPU
		{954C128B-C5E6-44F1-B52D-0082F266DCE0}.Release|Any CPU.ActiveCfg = Release|Any CPU
		{954C128B-C5E6-44F1-B52D-0082F266DCE0}.Release|Any CPU.Build.0 = Release|Any CPU
		{CDCDCE09-993A-4099-9F35-BA14813080C3}.Debug|Any CPU.ActiveCfg = Debug|Any CPU
		{CDCDCE09-993A-4099-9F35-BA14813080C3}.Debug|Any CPU.Build.0 = Debug|Any CPU
		{CDCDCE09-993A-4099-9F35-BA14813080C3}.Release|Any CPU.ActiveCfg = Release|Any CPU
		{CDCDCE09-993A-4099-9F35-BA14813080C3}.Release|Any CPU.Build.0 = Release|Any CPU
		{704EB42B-56D8-4E1D-BF4E-FEC29DE75DCC}.Debug|Any CPU.ActiveCfg = Debug|Any CPU
		{704EB42B-56D8-4E1D-BF4E-FEC29DE75DCC}.Debug|Any CPU.Build.0 = Debug|Any CPU
		{704EB42B-56D8-4E1D-BF4E-FEC29DE75DCC}.Release|Any CPU.ActiveCfg = Release|Any CPU
		{704EB42B-56D8-4E1D-BF4E-FEC29DE75DCC}.Release|Any CPU.Build.0 = Release|Any CPU
	EndGlobalSection
	GlobalSection(SolutionProperties) = preSolution
		HideSolutionNode = FALSE
	EndGlobalSection
	GlobalSection(NestedProjects) = preSolution
		{D4A7322C-D4BE-48FF-9F9C-34B881EFE639} = {1561A640-0BFC-459C-A4FB-A62479EA685E}
		{56FA83A6-C66F-4475-A3AD-62D5E12D885C} = {1561A640-0BFC-459C-A4FB-A62479EA685E}
		{9193E0C1-02B1-47B3-A10B-946BD712A9DF} = {1561A640-0BFC-459C-A4FB-A62479EA685E}
		{CBA214E5-1FC2-4EEE-8BAF-7CFF63099DE4} = {0727A912-BE53-4305-93F9-C57ACBA0D450}
		{851DE503-D2BB-42B2-8A7B-C55121393A49} = {0727A912-BE53-4305-93F9-C57ACBA0D450}
		{6703EE69-6F01-43A6-89E8-26F58A34371F} = {8A654A56-8728-41A7-ADB2-3567D139EE24}
		{C30C921F-7FD6-44B0-BEC2-368A86231F24} = {8A654A56-8728-41A7-ADB2-3567D139EE24}
		{BDB52C86-076A-4F10-882C-996BDB06DB55} = {8A654A56-8728-41A7-ADB2-3567D139EE24}
		{65C4632E-EF7E-4B83-A8BE-E2041620DF6E} = {8A654A56-8728-41A7-ADB2-3567D139EE24}
		{6EBF0361-398E-4593-BC59-DD582133A3BE} = {8A654A56-8728-41A7-ADB2-3567D139EE24}
		{074A86B1-540B-411C-A7C1-0B3491DE1AA5} = {89AB476E-597A-4080-A890-CCE04CF41303}
	EndGlobalSection
	GlobalSection(ExtensibilityGlobals) = postSolution
		SolutionGuid = {8D91AF76-3660-4B86-8114-3695A76CE202}
	EndGlobalSection
EndGlobal
